{
  "requires": true,
  "lockfileVersion": 1,
  "dependencies": {
    "db": {
      "version": "1.0.0",
      "resolved": "https://registry.npmjs.org/db/-/db-1.0.0.tgz",
      "integrity": "sha1-AEenSWQjaKxAOd8aZ11MeLk+L+k=",
      "requires": {
        "ds": "1.2.0",
        "mysql": "0.9.4",
        "redis": "0.6.7"
      }
    },
    "ds": {
      "version": "1.2.0",
      "resolved": "https://registry.npmjs.org/ds/-/ds-1.2.0.tgz",
      "integrity": "sha1-ObOJQqU7FJ5+J6iTCs2tGTyGJgo="
    },
    "hashish": {
      "version": "0.0.4",
      "resolved": "https://registry.npmjs.org/hashish/-/hashish-0.0.4.tgz",
      "integrity": "sha1-bWC8b/r3Ebav1g5CbQd5iAFOZVQ=",
      "requires": {
        "traverse": ">=0.2.4"
      }
    },
    "mkdirp": {
      "version": "1.0.4",
      "resolved": "https://registry.npmjs.org/mkdirp/-/mkdirp-1.0.4.tgz",
      "integrity": "sha512-vVqVZQyf3WLx2Shd0qJ9xuvqgAyKPLAiqITEtqW0oIUjzo3PePDd6fW9iFz30ef7Ysp/oiWqbhszeGWW2T6Gzw==",
      "dev": true
    },
    "mysql": {
      "version": "0.9.4",
      "resolved": "https://registry.npmjs.org/mysql/-/mysql-0.9.4.tgz",
      "integrity": "sha1-9ity8K9Tf8URtpTSVv3NuGsumVE=",
      "requires": {
        "hashish": "0.0.4"
      }
    },
    "redis": {
      "version": "0.6.7",
      "resolved": "https://registry.npmjs.org/redis/-/redis-0.6.7.tgz",
      "integrity": "sha1-Dxf5E0aKXLK/CGTk1WZp0FhmjUY="
    },
    "traverse": {
      "version": "0.6.6",
      "resolved": "https://registry.npmjs.org/traverse/-/traverse-0.6.6.tgz",
      "integrity": "sha1-y99WD9e5r2MlAv7UD5GMFX6pcTc="
    }
  }
}
